
Microsoft Visual Studio Solution File, Format Version 12.00
# Visual Studio Version 17
VisualStudioVersion = 17.2.32630.192
MinimumVisualStudioVersion = 10.0.40219.1
Project("{FAE04EC0-301F-11D3-BF4B-00C04F79EFBC}") = "analyze_mi_fitness", "analyze_mi_fitness\analyze_mi_fitness.csproj", "{CEA32819-F10F-4E78-8C77-E40BE28A0FA1}"
EndProject
Global
	GlobalSection(SolutionConfigurationPlatforms) = preSolution
		Debug|Any CPU = Debug|Any CPU
		Release|Any CPU = Release|Any CPU
	EndGlobalSection
	GlobalSection(ProjectConfigurationPlatforms) = postSolution
		{CEA32819-F10F-4E78-8C77-E40BE28A0FA1}.Debug|Any CPU.ActiveCfg = Debug|Any CPU
		{CEA32819-F10F-4E78-8C77-E40BE28A0FA1}.Debug|Any CPU.Build.0 = Debug|Any CPU
		{CEA32819-F10F-4E78-8C77-E40BE28A0FA1}.Release|Any CPU.ActiveCfg = Release|Any CPU
		{CEA32819-F10F-4E78-8C77-E40BE28A0FA1}.Release|Any CPU.Build.0 = Release|Any CPU
	EndGlobalSection
	GlobalSection(SolutionProperties) = preSolution
		HideSolutionNode = FALSE
	EndGlobalSection
	GlobalSection(ExtensibilityGlobals) = postSolution
		SolutionGuid = {55292EB8-AD5D-4DAC-A94E-D3B4C27A1FF4}
	EndGlobalSection
EndGlobal
